
Microsoft Visual Studio Solution File, Format Version 12.00
# Visual Studio Version 16
VisualStudioVersion = 16.0.32126.315
MinimumVisualStudioVersion = 10.0.40219.1
Project("{FAE04EC0-301F-11D3-BF4B-00C04F79EFBC}") = "WebApplication1", "WebApplication1.csproj", "{E22C4DF0-B2F0-41D2-8DF5-99DDBE4A23FF}"
EndProject
Global
	GlobalSection(SolutionConfigurationPlatforms) = preSolution
		Debug|Any CPU = Debug|Any CPU
		Release|Any CPU = Release|Any CPU
	EndGlobalSection
	GlobalSection(ProjectConfigurationPlatforms) = postSolution
		{E22C4DF0-B2F0-41D2-8DF5-99DDBE4A23FF}.Debug|Any CPU.ActiveCfg = Debug|Any CPU
		{E22C4DF0-B2F0-41D2-8DF5-99DDBE4A23FF}.Debug|Any CPU.Build.0 = Debug|Any CPU
		{E22C4DF0-B2F0-41D2-8DF5-99DDBE4A23FF}.Release|Any CPU.ActiveCfg = Release|Any CPU
		{E22C4DF0-B2F0-41D2-8DF5-99DDBE4A23FF}.Release|Any CPU.Build.0 = Release|Any CPU
	EndGlobalSection
	GlobalSection(SolutionProperties) = preSolution
		HideSolutionNode = FALSE
	EndGlobalSection
	GlobalSection(ExtensibilityGlobals) = postSolution
		SolutionGuid = {586506B9-81EF-42FF-8890-4AF6A042821D}
	EndGlobalSection
EndGlobal
